
Microsoft Visual Studio Solution File, Format Version 12.00
# Visual Studio Version 17
VisualStudioVersion = 17.1.32328.378
MinimumVisualStudioVersion = 10.0.40219.1
Project("{9A19103F-16F7-4668-BE54-9A1E7A4F7556}") = "Numbers.ConsoleUI", "Numbers.ConsoleUI\Numbers.ConsoleUI.csproj", "{3D525958-F98A-442D-ACF1-BC013424940E}"
EndProject
Project("{FAE04EC0-301F-11D3-BF4B-00C04F79EFBC}") = "Numbers.Application", "Numbers.Application\Numbers.Application.csproj", "{C86C7D6D-3249-4746-A556-EA8F140E3013}"
EndProject
Project("{2150E333-8FDC-42A3-9474-1A3956D46DE8}") = "Tests", "Tests", "{9910FA7E-1A75-42B5-927C-52F3C2ECFE6C}"
EndProject
Project("{FAE04EC0-301F-11D3-BF4B-00C04F79EFBC}") = "Numbers.Application.Tests", "Numbers.Application.Tests\Numbers.Application.Tests.csproj", "{94CA034E-1138-4B7F-9684-B0EB1773F39E}"
EndProject
Project("{2150E333-8FDC-42A3-9474-1A3956D46DE8}") = "UI", "UI", "{261AB1A0-EA65-49A8-B514-3A92AC123B14}"
EndProject
Global
	GlobalSection(SolutionConfigurationPlatforms) = preSolution
		Debug|Any CPU = Debug|Any CPU
		Release|Any CPU = Release|Any CPU
	EndGlobalSection
	GlobalSection(ProjectConfigurationPlatforms) = postSolution
		{3D525958-F98A-442D-ACF1-BC013424940E}.Debug|Any CPU.ActiveCfg = Debug|Any CPU
		{3D525958-F98A-442D-ACF1-BC013424940E}.Debug|Any CPU.Build.0 = Debug|Any CPU
		{3D525958-F98A-442D-ACF1-BC013424940E}.Release|Any CPU.ActiveCfg = Release|Any CPU
		{3D525958-F98A-442D-ACF1-BC013424940E}.Release|Any CPU.Build.0 = Release|Any CPU
		{C86C7D6D-3249-4746-A556-EA8F140E3013}.Debug|Any CPU.ActiveCfg = Debug|Any CPU
		{C86C7D6D-3249-4746-A556-EA8F140E3013}.Debug|Any CPU.Build.0 = Debug|Any CPU
		{C86C7D6D-3249-4746-A556-EA8F140E3013}.Release|Any CPU.ActiveCfg = Release|Any CPU
		{C86C7D6D-3249-4746-A556-EA8F140E3013}.Release|Any CPU.Build.0 = Release|Any CPU
		{94CA034E-1138-4B7F-9684-B0EB1773F39E}.Debug|Any CPU.ActiveCfg = Debug|Any CPU
		{94CA034E-1138-4B7F-9684-B0EB1773F39E}.Debug|Any CPU.Build.0 = Debug|Any CPU
		{94CA034E-1138-4B7F-9684-B0EB1773F39E}.Release|Any CPU.ActiveCfg = Release|Any CPU
		{94CA034E-1138-4B7F-9684-B0EB1773F39E}.Release|Any CPU.Build.0 = Release|Any CPU
	EndGlobalSection
	GlobalSection(SolutionProperties) = preSolution
		HideSolutionNode = FALSE
	EndGlobalSection
	GlobalSection(NestedProjects) = preSolution
		{3D525958-F98A-442D-ACF1-BC013424940E} = {261AB1A0-EA65-49A8-B514-3A92AC123B14}
		{94CA034E-1138-4B7F-9684-B0EB1773F39E} = {9910FA7E-1A75-42B5-927C-52F3C2ECFE6C}
	EndGlobalSection
	GlobalSection(ExtensibilityGlobals) = postSolution
		SolutionGuid = {B3E50860-6546-495E-BEFC-D1A512C4B596}
	EndGlobalSection
EndGlobal
